// !$*UTF8*$!
{
	archiveVersion = 1;
	classes = {
	};
	objectVersion = 46;
	objects = {

/* Begin PBXBuildFile section */
		1FF1B2D76A47CFAC5501C95F /* Pods_ShakeChoose.framework in Frameworks */ = {isa = PBXBuildFile; fileRef = 867E6AF84A7888D906037371 /* Pods_ShakeChoose.framework */; settings = {ATTRIBUTES = (Weak, ); }; };
		5AE74BB51BD5EDE40009FA59 /* SAAppDelegate.swift in Sources */ = {isa = PBXBuildFile; fileRef = 5AE74BB41BD5EDE40009FA59 /* SAAppDelegate.swift */; };
		5AE74BBA1BD5EDE40009FA59 /* Main.storyboard in Resources */ = {isa = PBXBuildFile; fileRef = 5AE74BB81BD5EDE40009FA59 /* Main.storyboard */; };
		5AE74BBC1BD5EDE40009FA59 /* Assets.xcassets in Resources */ = {isa = PBXBuildFile; fileRef = 5AE74BBB1BD5EDE40009FA59 /* Assets.xcassets */; };
		5AE74BBF1BD5EDE40009FA59 /* LaunchScreen.storyboard in Resources */ = {isa = PBXBuildFile; fileRef = 5AE74BBD1BD5EDE40009FA59 /* LaunchScreen.storyboard */; };
		5AE74BCA1BD5EDE40009FA59 /* ShakeChooseTests.swift in Sources */ = {isa = PBXBuildFile; fileRef = 5AE74BC91BD5EDE40009FA59 /* ShakeChooseTests.swift */; };
		5AE74BD51BD5EDE40009FA59 /* ShakeChooseUITests.swift in Sources */ = {isa = PBXBuildFile; fileRef = 5AE74BD41BD5EDE40009FA59 /* ShakeChooseUITests.swift */; };
		5AE74BE51BD600C00009FA59 /* SAFood.swift in Sources */ = {isa = PBXBuildFile; fileRef = 5AE74BE41BD600C00009FA59 /* SAFood.swift */; settings = {ASSET_TAGS = (); }; };
		5AE74BE71BD604850009FA59 /* SAFoodRecord.swift in Sources */ = {isa = PBXBuildFile; fileRef = 5AE74BE61BD604850009FA59 /* SAFoodRecord.swift */; settings = {ASSET_TAGS = (); }; };
		5AE74BEA1BD606890009FA59 /* SADataService.swift in Sources */ = {isa = PBXBuildFile; fileRef = 5AE74BE91BD606890009FA59 /* SADataService.swift */; settings = {ASSET_TAGS = (); }; };
		5AE74BEC1BD6148D0009FA59 /* SAMainController.swift in Sources */ = {isa = PBXBuildFile; fileRef = 5AE74BEB1BD6148D0009FA59 /* SAMainController.swift */; settings = {ASSET_TAGS = (); }; };
		5AE74BEE1BD61B860009FA59 /* SAFoodListViewController.swift in Sources */ = {isa = PBXBuildFile; fileRef = 5AE74BED1BD61B860009FA59 /* SAFoodListViewController.swift */; settings = {ASSET_TAGS = (); }; };
		5AE74BF11BD61FB60009FA59 /* SAFoodCell.swift in Sources */ = {isa = PBXBuildFile; fileRef = 5AE74BF01BD61FB60009FA59 /* SAFoodCell.swift */; settings = {ASSET_TAGS = (); }; };
		5AE74BF41BD6257E0009FA59 /* NSDate+Utils.swift in Sources */ = {isa = PBXBuildFile; fileRef = 5AE74BF31BD6257E0009FA59 /* NSDate+Utils.swift */; settings = {ASSET_TAGS = (); }; };
/* End PBXBuildFile section */

/* Begin PBXContainerItemProxy section */
		5AE74BC61BD5EDE40009FA59 /* PBXContainerItemProxy */ = {
			isa = PBXContainerItemProxy;
			containerPortal = 5AE74BA91BD5EDE40009FA59 /* Project object */;
			proxyType = 1;
			remoteGlobalIDString = 5AE74BB01BD5EDE40009FA59;
			remoteInfo = ShakeChoose;
		};
		5AE74BD11BD5EDE40009FA59 /* PBXContainerItemProxy */ = {
			isa = PBXContainerItemProxy;
			containerPortal = 5AE74BA91BD5EDE40009FA59 /* Project object */;
			proxyType = 1;
			remoteGlobalIDString = 5AE74BB01BD5EDE40009FA59;
			remoteInfo = ShakeChoose;
		};
/* End PBXContainerItemProxy section */

/* Begin PBXFileReference section */
		33C70E1DFBC89873B4784148 /* Pods-ShakeChoose.debug.xcconfig */ = {isa = PBXFileReference; includeInIndex = 1; lastKnownFileType = text.xcconfig; name = "Pods-ShakeChoose.debug.xcconfig"; path = "Pods/Target Support Files/Pods-ShakeChoose/Pods-ShakeChoose.debug.xcconfig"; sourceTree = "<group>"; };
		5AE74BB11BD5EDE40009FA59 /* ShakeChoose.app */ = {isa = PBXFileReference; explicitFileType = wrapper.application; includeInIndex = 0; path = ShakeChoose.app; sourceTree = BUILT_PRODUCTS_DIR; };
		5AE74BB41BD5EDE40009FA59 /* SAAppDelegate.swift */ = {isa = PBXFileReference; lastKnownFileType = sourcecode.swift; path = SAAppDelegate.swift; sourceTree = "<group>"; };
		5AE74BB91BD5EDE40009FA59 /* Base */ = {isa = PBXFileReference; lastKnownFileType = file.storyboard; name = Base; path = Base.lproj/Main.storyboard; sourceTree = "<group>"; };
		5AE74BBB1BD5EDE40009FA59 /* Assets.xcassets */ = {isa = PBXFileReference; lastKnownFileType = folder.assetcatalog; path = Assets.xcassets; sourceTree = "<group>"; };
		5AE74BBE1BD5EDE40009FA59 /* Base */ = {isa = PBXFileReference; lastKnownFileType = file.storyboard; name = Base; path = Base.lproj/LaunchScreen.storyboard; sourceTree = "<group>"; };
		5AE74BC01BD5EDE40009FA59 /* Info.plist */ = {isa = PBXFileReference; lastKnownFileType = text.plist.xml; path = Info.plist; sourceTree = "<group>"; };
		5AE74BC51BD5EDE40009FA59 /* ShakeChooseTests.xctest */ = {isa = PBXFileReference; explicitFileType = wrapper.cfbundle; includeInIndex = 0; path = ShakeChooseTests.xctest; sourceTree = BUILT_PRODUCTS_DIR; };
		5AE74BC91BD5EDE40009FA59 /* ShakeChooseTests.swift */ = {isa = PBXFileReference; lastKnownFileType = sourcecode.swift; path = ShakeChooseTests.swift; sourceTree = "<group>"; };
		5AE74BCB1BD5EDE40009FA59 /* Info.plist */ = {isa = PBXFileReference; lastKnownFileType = text.plist.xml; path = Info.plist; sourceTree = "<group>"; };
		5AE74BD01BD5EDE40009FA59 /* ShakeChooseUITests.xctest */ = {isa = PBXFileReference; explicitFileType = wrapper.cfbundle; includeInIndex = 0; path = ShakeChooseUITests.xctest; sourceTree = BUILT_PRODUCTS_DIR; };
		5AE74BD41BD5EDE40009FA59 /* ShakeChooseUITests.swift */ = {isa = PBXFileReference; lastKnownFileType = sourcecode.swift; path = ShakeChooseUITests.swift; sourceTree = "<group>"; };
		5AE74BD61BD5EDE40009FA59 /* Info.plist */ = {isa = PBXFileReference; lastKnownFileType = text.plist.xml; path = Info.plist; sourceTree = "<group>"; };
		5AE74BE41BD600C00009FA59 /* SAFood.swift */ = {isa = PBXFileReference; fileEncoding = 4; lastKnownFileType = sourcecode.swift; path = SAFood.swift; sourceTree = "<group>"; };
		5AE74BE61BD604850009FA59 /* SAFoodRecord.swift */ = {isa = PBXFileReference; fileEncoding = 4; lastKnownFileType = sourcecode.swift; path = SAFoodRecord.swift; sourceTree = "<group>"; };
		5AE74BE91BD606890009FA59 /* SADataService.swift */ = {isa = PBXFileReference; fileEncoding = 4; lastKnownFileType = sourcecode.swift; path = SADataService.swift; sourceTree = "<group>"; };
		5AE74BEB1BD6148D0009FA59 /* SAMainController.swift */ = {isa = PBXFileReference; fileEncoding = 4; lastKnownFileType = sourcecode.swift; path = SAMainController.swift; sourceTree = "<group>"; };
		5AE74BED1BD61B860009FA59 /* SAFoodListViewController.swift */ = {isa = PBXFileReference; fileEncoding = 4; lastKnownFileType = sourcecode.swift; path = SAFoodListViewController.swift; sourceTree = "<group>"; };
		5AE74BF01BD61FB60009FA59 /* SAFoodCell.swift */ = {isa = PBXFileReference; fileEncoding = 4; lastKnownFileType = sourcecode.swift; path = SAFoodCell.swift; sourceTree = "<group>"; };
		5AE74BF31BD6257E0009FA59 /* NSDate+Utils.swift */ = {isa = PBXFileReference; fileEncoding = 4; lastKnownFileType = sourcecode.swift; path = "NSDate+Utils.swift"; sourceTree = "<group>"; };
		867E6AF84A7888D906037371 /* Pods_ShakeChoose.framework */ = {isa = PBXFileReference; explicitFileType = wrapper.framework; includeInIndex = 0; path = Pods_ShakeChoose.framework; sourceTree = BUILT_PRODUCTS_DIR; };
		DE6EFAC2B8A2307FFB3AD860 /* Pods-ShakeChoose.release.xcconfig */ = {isa = PBXFileReference; includeInIndex = 1; lastKnownFileType = text.xcconfig; name = "Pods-ShakeChoose.release.xcconfig"; path = "Pods/Target Support Files/Pods-ShakeChoose/Pods-ShakeChoose.release.xcconfig"; sourceTree = "<group>"; };
/* End PBXFileReference section */

/* Begin PBXFrameworksBuildPhase section */
		5AE74BAE1BD5EDE40009FA59 /* Frameworks */ = {
			isa = PBXFrameworksBuildPhase;
			buildActionMask = 2147483647;
			files = (
				1FF1B2D76A47CFAC5501C95F /* Pods_ShakeChoose.framework in Frameworks */,
			);
			runOnlyForDeploymentPostprocessing = 0;
		};
		5AE74BC21BD5EDE40009FA59 /* Frameworks */ = {
			isa = PBXFrameworksBuildPhase;
			buildActionMask = 2147483647;
			files = (
			);
			runOnlyForDeploymentPostprocessing = 0;
		};
		5AE74BCD1BD5EDE40009FA59 /* Frameworks */ = {
			isa = PBXFrameworksBuildPhase;
			buildActionMask = 2147483647;
			files = (
			);
			runOnlyForDeploymentPostprocessing = 0;
		};
/* End PBXFrameworksBuildPhase section */

/* Begin PBXGroup section */
		5AE74BA81BD5EDE40009FA59 = {
			isa = PBXGroup;
			children = (
				5AE74BB31BD5EDE40009FA59 /* ShakeChoose */,
				5AE74BC81BD5EDE40009FA59 /* ShakeChooseTests */,
				5AE74BD31BD5EDE40009FA59 /* ShakeChooseUITests */,
				5AE74BB21BD5EDE40009FA59 /* Products */,
				E79462A043510254201E1387 /* Pods */,
				E0F7DAFC86C74DDC391814F8 /* Frameworks */,
			);
			sourceTree = "<group>";
		};
		5AE74BB21BD5EDE40009FA59 /* Products */ = {
			isa = PBXGroup;
			children = (
				5AE74BB11BD5EDE40009FA59 /* ShakeChoose.app */,
				5AE74BC51BD5EDE40009FA59 /* ShakeChooseTests.xctest */,
				5AE74BD01BD5EDE40009FA59 /* ShakeChooseUITests.xctest */,
			);
			name = Products;
			sourceTree = "<group>";
		};
		5AE74BB31BD5EDE40009FA59 /* ShakeChoose */ = {
			isa = PBXGroup;
			children = (
				5AE74BF21BD620840009FA59 /* Utils */,
				5AE74BEF1BD61F9A0009FA59 /* Views */,
				5AE74BE81BD6066F0009FA59 /* Services */,
				5AE74BE31BD5FD380009FA59 /* Models */,
				5AE74BE21BD5FD2B0009FA59 /* Controllers */,
				5AE74BB41BD5EDE40009FA59 /* SAAppDelegate.swift */,
				5AE74BB81BD5EDE40009FA59 /* Main.storyboard */,
				5AE74BBB1BD5EDE40009FA59 /* Assets.xcassets */,
				5AE74BBD1BD5EDE40009FA59 /* LaunchScreen.storyboard */,
				5AE74BC01BD5EDE40009FA59 /* Info.plist */,
			);
			path = ShakeChoose;
			sourceTree = "<group>";
		};
		5AE74BC81BD5EDE40009FA59 /* ShakeChooseTests */ = {
			isa = PBXGroup;
			children = (
				5AE74BC91BD5EDE40009FA59 /* ShakeChooseTests.swift */,
				5AE74BCB1BD5EDE40009FA59 /* Info.plist */,
			);
			path = ShakeChooseTests;
			sourceTree = "<group>";
		};
		5AE74BD31BD5EDE40009FA59 /* ShakeChooseUITests */ = {
			isa = PBXGroup;
			children = (
				5AE74BD41BD5EDE40009FA59 /* ShakeChooseUITests.swift */,
				5AE74BD61BD5EDE40009FA59 /* Info.plist */,
			);
			path = ShakeChooseUITests;
			sourceTree = "<group>";
		};
		5AE74BE21BD5FD2B0009FA59 /* Controllers */ = {
			isa = PBXGroup;
			children = (
				5AE74BEB1BD6148D0009FA59 /* SAMainController.swift */,
				5AE74BED1BD61B860009FA59 /* SAFoodListViewController.swift */,
			);
			path = Controllers;
			sourceTree = "<group>";
		};
		5AE74BE31BD5FD380009FA59 /* Models */ = {
			isa = PBXGroup;
			children = (
				5AE74BE41BD600C00009FA59 /* SAFood.swift */,
				5AE74BE61BD604850009FA59 /* SAFoodRecord.swift */,
			);
			name = Models;
			path = ShakeChoose/Models;
			sourceTree = SOURCE_ROOT;
		};
		5AE74BE81BD6066F0009FA59 /* Services */ = {
			isa = PBXGroup;
			children = (
				5AE74BE91BD606890009FA59 /* SADataService.swift */,
			);
			path = Services;
			sourceTree = "<group>";
		};
		5AE74BEF1BD61F9A0009FA59 /* Views */ = {
			isa = PBXGroup;
			children = (
				5AE74BF01BD61FB60009FA59 /* SAFoodCell.swift */,
			);
			path = Views;
			sourceTree = "<group>";
		};
		5AE74BF21BD620840009FA59 /* Utils */ = {
			isa = PBXGroup;
			children = (
				5AE74BF31BD6257E0009FA59 /* NSDate+Utils.swift */,
			);
			path = Utils;
			sourceTree = "<group>";
		};
		E0F7DAFC86C74DDC391814F8 /* Frameworks */ = {
			isa = PBXGroup;
			children = (
				867E6AF84A7888D906037371 /* Pods_ShakeChoose.framework */,
			);
			name = Frameworks;
			sourceTree = "<group>";
		};
		E79462A043510254201E1387 /* Pods */ = {
			isa = PBXGroup;
			children = (
				33C70E1DFBC89873B4784148 /* Pods-ShakeChoose.debug.xcconfig */,
				DE6EFAC2B8A2307FFB3AD860 /* Pods-ShakeChoose.release.xcconfig */,
			);
			name = Pods;
			sourceTree = "<group>";
		};
/* End PBXGroup section */

/* Begin PBXNativeTarget section */
		5AE74BB01BD5EDE40009FA59 /* ShakeChoose */ = {
			isa = PBXNativeTarget;
			buildConfigurationList = 5AE74BD91BD5EDE40009FA59 /* Build configuration list for PBXNativeTarget "ShakeChoose" */;
			buildPhases = (
				E67CF94442181756ABF421DA /* Check Pods Manifest.lock */,
				5AE74BAD1BD5EDE40009FA59 /* Sources */,
				5AE74BAE1BD5EDE40009FA59 /* Frameworks */,
				5AE74BAF1BD5EDE40009FA59 /* Resources */,
				17F0EEE65B123246262F433B /* Embed Pods Frameworks */,
				202FF7C747CAFE9279A74297 /* Copy Pods Resources */,
			);
			buildRules = (
			);
			dependencies = (
			);
			name = ShakeChoose;
			productName = ShakeChoose;
			productReference = 5AE74BB11BD5EDE40009FA59 /* ShakeChoose.app */;
			productType = "com.apple.product-type.application";
		};
		5AE74BC41BD5EDE40009FA59 /* ShakeChooseTests */ = {
			isa = PBXNativeTarget;
			buildConfigurationList = 5AE74BDC1BD5EDE40009FA59 /* Build configuration list for PBXNativeTarget "ShakeChooseTests" */;
			buildPhases = (
				5AE74BC11BD5EDE40009FA59 /* Sources */,
				5AE74BC21BD5EDE40009FA59 /* Frameworks */,
				5AE74BC31BD5EDE40009FA59 /* Resources */,
			);
			buildRules = (
			);
			dependencies = (
				5AE74BC71BD5EDE40009FA59 /* PBXTargetDependency */,
			);
			name = ShakeChooseTests;
			productName = ShakeChooseTests;
			productReference = 5AE74BC51BD5EDE40009FA59 /* ShakeChooseTests.xctest */;
			productType = "com.apple.product-type.bundle.unit-test";
		};
		5AE74BCF1BD5EDE40009FA59 /* ShakeChooseUITests */ = {
			isa = PBXNativeTarget;
			buildConfigurationList = 5AE74BDF1BD5EDE40009FA59 /* Build configuration list for PBXNativeTarget "ShakeChooseUITests" */;
			buildPhases = (
				5AE74BCC1BD5EDE40009FA59 /* Sources */,
				5AE74BCD1BD5EDE40009FA59 /* Frameworks */,
				5AE74BCE1BD5EDE40009FA59 /* Resources */,
			);
			buildRules = (
			);
			dependencies = (
				5AE74BD21BD5EDE40009FA59 /* PBXTargetDependency */,
			);
			name = ShakeChooseUITests;
			productName = ShakeChooseUITests;
			productReference = 5AE74BD01BD5EDE40009FA59 /* ShakeChooseUITests.xctest */;
			productType = "com.apple.product-type.bundle.ui-testing";
		};
/* End PBXNativeTarget section */

/* Begin PBXProject section */
		5AE74BA91BD5EDE40009FA59 /* Project object */ = {
			isa = PBXProject;
			attributes = {
				LastUpgradeCheck = 0700;
				ORGANIZATIONNAME = zangzhiya;
				TargetAttributes = {
					5AE74BB01BD5EDE40009FA59 = {
						CreatedOnToolsVersion = 7.0.1;
					};
					5AE74BC41BD5EDE40009FA59 = {
						CreatedOnToolsVersion = 7.0.1;
						TestTargetID = 5AE74BB01BD5EDE40009FA59;
					};
					5AE74BCF1BD5EDE40009FA59 = {
						CreatedOnToolsVersion = 7.0.1;
						TestTargetID = 5AE74BB01BD5EDE40009FA59;
					};
				};
			};
			buildConfigurationList = 5AE74BAC1BD5EDE40009FA59 /* Build configuration list for PBXProject "ShakeChoose" */;
			compatibilityVersion = "Xcode 3.2";
			developmentRegion = English;
			hasScannedForEncodings = 0;
			knownRegions = (
				en,
				Base,
			);
			mainGroup = 5AE74BA81BD5EDE40009FA59;
			productRefGroup = 5AE74BB21BD5EDE40009FA59 /* Products */;
			projectDirPath = "";
			projectRoot = "";
			targets = (
				5AE74BB01BD5EDE40009FA59 /* ShakeChoose */,
				5AE74BC41BD5EDE40009FA59 /* ShakeChooseTests */,
				5AE74BCF1BD5EDE40009FA59 /* ShakeChooseUITests */,
			);
		};
/* End PBXProject section */

/* Begin PBXResourcesBuildPhase section */
		5AE74BAF1BD5EDE40009FA59 /* Resources */ = {
			isa = PBXResourcesBuildPhase;
			buildActionMask = 2147483647;
			files = (
				5AE74BBF1BD5EDE40009FA59 /* LaunchScreen.storyboard in Resources */,
				5AE74BBC1BD5EDE40009FA59 /* Assets.xcassets in Resources */,
				5AE74BBA1BD5EDE40009FA59 /* Main.storyboard in Resources */,
			);
			runOnlyForDeploymentPostprocessing = 0;
		};
		5AE74BC31BD5EDE40009FA59 /* Resources */ = {
			isa = PBXResourcesBuildPhase;
			buildActionMask = 2147483647;
			files = (
			);
			runOnlyForDeploymentPostprocessing = 0;
		};
		5AE74BCE1BD5EDE40009FA59 /* Resources */ = {
			isa = PBXResourcesBuildPhase;
			buildActionMask = 2147483647;
			files = (
			);
			runOnlyForDeploymentPostprocessing = 0;
		};
/* End PBXResourcesBuildPhase section */

/* Begin PBXShellScriptBuildPhase section */
		17F0EEE65B123246262F433B /* Embed Pods Frameworks */ = {
			isa = PBXShellScriptBuildPhase;
			buildActionMask = 2147483647;
			files = (
			);
			inputPaths = (
			);
			name = "Embed Pods Frameworks";
			outputPaths = (
			);
			runOnlyForDeploymentPostprocessing = 0;
			shellPath = /bin/sh;
			shellScript = "\"${SRCROOT}/Pods/Target Support Files/Pods-ShakeChoose/Pods-ShakeChoose-frameworks.sh\"\n";
			showEnvVarsInLog = 0;
		};
		202FF7C747CAFE9279A74297 /* Copy Pods Resources */ = {
			isa = PBXShellScriptBuildPhase;
			buildActionMask = 2147483647;
			files = (
			);
			inputPaths = (
			);
			name = "Copy Pods Resources";
			outputPaths = (
			);
			runOnlyForDeploymentPostprocessing = 0;
			shellPath = /bin/sh;
			shellScript = "\"${SRCROOT}/Pods/Target Support Files/Pods-ShakeChoose/Pods-ShakeChoose-resources.sh\"\n";
			showEnvVarsInLog = 0;
		};
		E67CF94442181756ABF421DA /* Check Pods Manifest.lock */ = {
			isa = PBXShellScriptBuildPhase;
			buildActionMask = 2147483647;
			files = (
			);
			inputPaths = (
			);
			name = "Check Pods Manifest.lock";
			outputPaths = (
			);
			runOnlyForDeploymentPostprocessing = 0;
			shellPath = /bin/sh;
			shellScript = "diff \"${PODS_ROOT}/../Podfile.lock\" \"${PODS_ROOT}/Manifest.lock\" > /dev/null\nif [[ $? != 0 ]] ; then\n    cat << EOM\nerror: The sandbox is not in sync with the Podfile.lock. Run 'pod install' or update your CocoaPods installation.\nEOM\n    exit 1\nfi\n";
			showEnvVarsInLog = 0;
		};
/* End PBXShellScriptBuildPhase section */

/* Begin PBXSourcesBuildPhase section */
		5AE74BAD1BD5EDE40009FA59 /* Sources */ = {
			isa = PBXSourcesBuildPhase;
			buildActionMask = 2147483647;
			files = (
				5AE74BF41BD6257E0009FA59 /* NSDate+Utils.swift in Sources */,
				5AE74BEE1BD61B860009FA59 /* SAFoodListViewController.swift in Sources */,
				5AE74BEC1BD6148D0009FA59 /* SAMainController.swift in Sources */,
				5AE74BB51BD5EDE40009FA59 /* SAAppDelegate.swift in Sources */,
				5AE74BF11BD61FB60009FA59 /* SAFoodCell.swift in Sources */,
				5AE74BEA1BD606890009FA59 /* SADataService.swift in Sources */,
				5AE74BE71BD604850009FA59 /* SAFoodRecord.swift in Sources */,
				5AE74BE51BD600C00009FA59 /* SAFood.swift in Sources */,
			);
			runOnlyForDeploymentPostprocessing = 0;
		};
		5AE74BC11BD5EDE40009FA59 /* Sources */ = {
			isa = PBXSourcesBuildPhase;
			buildActionMask = 2147483647;
			files = (
				5AE74BCA1BD5EDE40009FA59 /* ShakeChooseTests.swift in Sources */,
			);
			runOnlyForDeploymentPostprocessing = 0;
		};
		5AE74BCC1BD5EDE40009FA59 /* Sources */ = {
			isa = PBXSourcesBuildPhase;
			buildActionMask = 2147483647;
			files = (
				5AE74BD51BD5EDE40009FA59 /* ShakeChooseUITests.swift in Sources */,
			);
			runOnlyForDeploymentPostprocessing = 0;
		};
/* End PBXSourcesBuildPhase section */

/* Begin PBXTargetDependency section */
		5AE74BC71BD5EDE40009FA59 /* PBXTargetDependency */ = {
			isa = PBXTargetDependency;
			target = 5AE74BB01BD5EDE40009FA59 /* ShakeChoose */;
			targetProxy = 5AE74BC61BD5EDE40009FA59 /* PBXContainerItemProxy */;
		};
		5AE74BD21BD5EDE40009FA59 /* PBXTargetDependency */ = {
			isa = PBXTargetDependency;
			target = 5AE74BB01BD5EDE40009FA59 /* ShakeChoose */;
			targetProxy = 5AE74BD11BD5EDE40009FA59 /* PBXContainerItemProxy */;
		};
/* End PBXTargetDependency section */

/* Begin PBXVariantGroup section */
		5AE74BB81BD5EDE40009FA59 /* Main.storyboard */ = {
			isa = PBXVariantGroup;
			children = (
				5AE74BB91BD5EDE40009FA59 /* Base */,
			);
			name = Main.storyboard;
			sourceTree = "<group>";
		};
		5AE74BBD1BD5EDE40009FA59 /* LaunchScreen.storyboard */ = {
			isa = PBXVariantGroup;
			children = (
				5AE74BBE1BD5EDE40009FA59 /* Base */,
			);
			name = LaunchScreen.storyboard;
			sourceTree = "<group>";
		};
/* End PBXVariantGroup section */

/* Begin XCBuildConfiguration section */
		5AE74BD71BD5EDE40009FA59 /* Debug */ = {
			isa = XCBuildConfiguration;
			buildSettings = {
				ALWAYS_SEARCH_USER_PATHS = NO;
				CLANG_CXX_LANGUAGE_STANDARD = "gnu++0x";
				CLANG_CXX_LIBRARY = "libc++";
				CLANG_ENABLE_MODULES = YES;
				CLANG_ENABLE_OBJC_ARC = YES;
				CLANG_WARN_BOOL_CONVERSION = YES;
				CLANG_WARN_CONSTANT_CONVERSION = YES;
				CLANG_WARN_DIRECT_OBJC_ISA_USAGE = YES_ERROR;
				CLANG_WARN_EMPTY_BODY = YES;
				CLANG_WARN_ENUM_CONVERSION = YES;
				CLANG_WARN_INT_CONVERSION = YES;
				CLANG_WARN_OBJC_ROOT_CLASS = YES_ERROR;
				CLANG_WARN_UNREACHABLE_CODE = YES;
				CLANG_WARN__DUPLICATE_METHOD_MATCH = YES;
				"CODE_SIGN_IDENTITY[sdk=iphoneos*]" = "iPhone Developer";
				COPY_PHASE_STRIP = NO;
				DEBUG_INFORMATION_FORMAT = dwarf;
				ENABLE_STRICT_OBJC_MSGSEND = YES;
				ENABLE_TESTABILITY = YES;
				GCC_C_LANGUAGE_STANDARD = gnu99;
				GCC_DYNAMIC_NO_PIC = NO;
				GCC_NO_COMMON_BLOCKS = YES;
				GCC_OPTIMIZATION_LEVEL = 0;
				GCC_PREPROCESSOR_DEFINITIONS = (
					"DEBUG=1",
					"$(inherited)",
				);
				GCC_WARN_64_TO_32_BIT_CONVERSION = YES;
				GCC_WARN_ABOUT_RETURN_TYPE = YES_ERROR;
				GCC_WARN_UNDECLARED_SELECTOR = YES;
				GCC_WARN_UNINITIALIZED_AUTOS = YES_AGGRESSIVE;
				GCC_WARN_UNUSED_FUNCTION = YES;
				GCC_WARN_UNUSED_VARIABLE = YES;
				IPHONEOS_DEPLOYMENT_TARGET = 9.0;
				MTL_ENABLE_DEBUG_INFO = YES;
				ONLY_ACTIVE_ARCH = YES;
				SDKROOT = iphoneos;
				SWIFT_OPTIMIZATION_LEVEL = "-Onone";
			};
			name = Debug;
		};
		5AE74BD81BD5EDE40009FA59 /* Release */ = {
			isa = XCBuildConfiguration;
			buildSettings = {
				ALWAYS_SEARCH_USER_PATHS = NO;
				CLANG_CXX_LANGUAGE_STANDARD = "gnu++0x";
				CLANG_CXX_LIBRARY = "libc++";
				CLANG_ENABLE_MODULES = YES;
				CLANG_ENABLE_OBJC_ARC = YES;
				CLANG_WARN_BOOL_CONVERSION = YES;
				CLANG_WARN_CONSTANT_CONVERSION = YES;
				CLANG_WARN_DIRECT_OBJC_ISA_USAGE = YES_ERROR;
				CLANG_WARN_EMPTY_BODY = YES;
				CLANG_WARN_ENUM_CONVERSION = YES;
				CLANG_WARN_INT_CONVERSION = YES;
				CLANG_WARN_OBJC_ROOT_CLASS = YES_ERROR;
				CLANG_WARN_UNREACHABLE_CODE = YES;
				CLANG_WARN__DUPLICATE_METHOD_MATCH = YES;
				"CODE_SIGN_IDENTITY[sdk=iphoneos*]" = "iPhone Developer";
				COPY_PHASE_STRIP = NO;
				DEBUG_INFORMATION_FORMAT = "dwarf-with-dsym";
				ENABLE_NS_ASSERTIONS = NO;
				ENABLE_STRICT_OBJC_MSGSEND = YES;
				GCC_C_LANGUAGE_STANDARD = gnu99;
				GCC_NO_COMMON_BLOCKS = YES;
				GCC_WARN_64_TO_32_BIT_CONVERSION = YES;
				GCC_WARN_ABOUT_RETURN_TYPE = YES_ERROR;
				GCC_WARN_UNDECLARED_SELECTOR = YES;
				GCC_WARN_UNINITIALIZED_AUTOS = YES_AGGRESSIVE;
				GCC_WARN_UNUSED_FUNCTION = YES;
				GCC_WARN_UNUSED_VARIABLE = YES;
				IPHONEOS_DEPLOYMENT_TARGET = 9.0;
				MTL_ENABLE_DEBUG_INFO = NO;
				SDKROOT = iphoneos;
				VALIDATE_PRODUCT = YES;
			};
			name = Release;
		};
		5AE74BDA1BD5EDE40009FA59 /* Debug */ = {
			isa = XCBuildConfiguration;
			baseConfigurationReference = 33C70E1DFBC89873B4784148 /* Pods-ShakeChoose.debug.xcconfig */;
			buildSettings = {
				ASSETCATALOG_COMPILER_APPICON_NAME = AppIcon;
				INFOPLIST_FILE = ShakeChoose/Info.plist;
				LD_RUNPATH_SEARCH_PATHS = "$(inherited) @executable_path/Frameworks";
				PRODUCT_BUNDLE_IDENTIFIER = com.zangzhiya.ShakeChoose;
				PRODUCT_NAME = "$(TARGET_NAME)";
			};
			name = Debug;
		};
		5AE74BDB1BD5EDE40009FA59 /* Release */ = {
			isa = XCBuildConfiguration;
			baseConfigurationReference = DE6EFAC2B8A2307FFB3AD860 /* Pods-ShakeChoose.release.xcconfig */;
			buildSettings = {
				ASSETCATALOG_COMPILER_APPICON_NAME = AppIcon;
				INFOPLIST_FILE = ShakeChoose/Info.plist;
				LD_RUNPATH_SEARCH_PATHS = "$(inherited) @executable_path/Frameworks";
				PRODUCT_BUNDLE_IDENTIFIER = com.zangzhiya.ShakeChoose;
				PRODUCT_NAME = "$(TARGET_NAME)";
			};
			name = Release;
		};
		5AE74BDD1BD5EDE40009FA59 /* Debug */ = {
			isa = XCBuildConfiguration;
			buildSettings = {
				BUNDLE_LOADER = "$(TEST_HOST)";
				INFOPLIST_FILE = ShakeChooseTests/Info.plist;
				LD_RUNPATH_SEARCH_PATHS = "$(inherited) @executable_path/Frameworks @loader_path/Frameworks";
				PRODUCT_BUNDLE_IDENTIFIER = com.zangzhiya.ShakeChooseTests;
				PRODUCT_NAME = "$(TARGET_NAME)";
				TEST_HOST = "$(BUILT_PRODUCTS_DIR)/ShakeChoose.app/ShakeChoose";
			};
			name = Debug;
		};
		5AE74BDE1BD5EDE40009FA59 /* Release */ = {
			isa = XCBuildConfiguration;
			buildSettings = {
				BUNDLE_LOADER = "$(TEST_HOST)";
				INFOPLIST_FILE = ShakeChooseTests/Info.plist;
				LD_RUNPATH_SEARCH_PATHS = "$(inherited) @executable_path/Frameworks @loader_path/Frameworks";
				PRODUCT_BUNDLE_IDENTIFIER = com.zangzhiya.ShakeChooseTests;
				PRODUCT_NAME = "$(TARGET_NAME)";
				TEST_HOST = "$(BUILT_PRODUCTS_DIR)/ShakeChoose.app/ShakeChoose";
			};
			name = Release;
		};
		5AE74BE01BD5EDE40009FA59 /* Debug */ = {
			isa = XCBuildConfiguration;
			buildSettings = {
				INFOPLIST_FILE = ShakeChooseUITests/Info.plist;
				LD_RUNPATH_SEARCH_PATHS = "$(inherited) @executable_path/Frameworks @loader_path/Frameworks";
				PRODUCT_BUNDLE_IDENTIFIER = com.zangzhiya.ShakeChooseUITests;
				PRODUCT_NAME = "$(TARGET_NAME)";
				TEST_TARGET_NAME = ShakeChoose;
				USES_XCTRUNNER = YES;
			};
			name = Debug;
		};
		5AE74BE11BD5EDE40009FA59 /* Release */ = {
			isa = XCBuildConfiguration;
			buildSettings = {
				INFOPLIST_FILE = ShakeChooseUITests/Info.plist;
				LD_RUNPATH_SEARCH_PATHS = "$(inherited) @executable_path/Frameworks @loader_path/Frameworks";
				PRODUCT_BUNDLE_IDENTIFIER = com.zangzhiya.ShakeChooseUITests;
				PRODUCT_NAME = "$(TARGET_NAME)";
				TEST_TARGET_NAME = ShakeChoose;
				USES_XCTRUNNER = YES;
			};
			name = Release;
		};
/* End XCBuildConfiguration section */

/* Begin XCConfigurationList section */
		5AE74BAC1BD5EDE40009FA59 /* Build configuration list for PBXProject "ShakeChoose" */ = {
			isa = XCConfigurationList;
			buildConfigurations = (
				5AE74BD71BD5EDE40009FA59 /* Debug */,
				5AE74BD81BD5EDE40009FA59 /* Release */,
			);
			defaultConfigurationIsVisible = 0;
			defaultConfigurationName = Release;
		};
		5AE74BD91BD5EDE40009FA59 /* Build configuration list for PBXNativeTarget "ShakeChoose" */ = {
			isa = XCConfigurationList;
			buildConfigurations = (
				5AE74BDA1BD5EDE40009FA59 /* Debug */,
				5AE74BDB1BD5EDE40009FA59 /* Release */,
			);
			defaultConfigurationIsVisible = 0;
			defaultConfigurationName = Release;
		};
		5AE74BDC1BD5EDE40009FA59 /* Build configuration list for PBXNativeTarget "ShakeChooseTests" */ = {
			isa = XCConfigurationList;
			buildConfigurations = (
				5AE74BDD1BD5EDE40009FA59 /* Debug */,
				5AE74BDE1BD5EDE40009FA59 /* Release */,
			);
			defaultConfigurationIsVisible = 0;
			defaultConfigurationName = Release;
		};
		5AE74BDF1BD5EDE40009FA59 /* Build configuration list for PBXNativeTarget "ShakeChooseUITests" */ = {
			isa = XCConfigurationList;
			buildConfigurations = (
				5AE74BE01BD5EDE40009FA59 /* Debug */,
				5AE74BE11BD5EDE40009FA59 /* Release */,
			);
			defaultConfigurationIsVisible = 0;
			defaultConfigurationName = Release;
		};
/* End XCConfigurationList section */
	};
	rootObject = 5AE74BA91BD5EDE40009FA59 /* Project object */;
}
